<?xml version="1.0" encoding="utf-8"?>
<Project ToolsVersion="17.0" xmlns="http://schemas.microsoft.com/developer/msbuild/2003">
  <ItemGroup>
    <CustomBuild Include="G:\Games\Gish\freegish\CMakeFiles\7924599c3536a9c765c2c632671e405b\INSTALL_force.rule">
      <Filter>CMake Rules</Filter>
    </CustomBuild>
  </ItemGroup>
  <ItemGroup>
    <Filter Include="CMake Rules">
      <UniqueIdentifier>{D60CACEA-F36C-3FAC-A590-352025DCCE2F}</UniqueIdentifier>
    </Filter>
  </ItemGroup>
</Project>
